
Microsoft Visual Studio Solution File, Format Version 12.00
# Visual Studio 2013
VisualStudioVersion = 12.0.21005.1
MinimumVisualStudioVersion = 10.0.40219.1
Project("{FAE04EC0-301F-11D3-BF4B-00C04F79EFBC}") = "TimeSheetMvcWebApi", "TimeSheetMvcWebApi\TimeSheetMvcWebApi.csproj", "{EFCA4BF7-5969-4CB3-9637-A7AB49D55D55}"
EndProject
Global
	GlobalSection(SolutionConfigurationPlatforms) = preSolution
		Debug|Any CPU = Debug|Any CPU
		Release|Any CPU = Release|Any CPU
	EndGlobalSection
	GlobalSection(ProjectConfigurationPlatforms) = postSolution
		{EFCA4BF7-5969-4CB3-9637-A7AB49D55D55}.Debug|Any CPU.ActiveCfg = Debug|Any CPU
		{EFCA4BF7-5969-4CB3-9637-A7AB49D55D55}.Debug|Any CPU.Build.0 = Debug|Any CPU
		{EFCA4BF7-5969-4CB3-9637-A7AB49D55D55}.Release|Any CPU.ActiveCfg = Release|Any CPU
		{EFCA4BF7-5969-4CB3-9637-A7AB49D55D55}.Release|Any CPU.Build.0 = Release|Any CPU
	EndGlobalSection
	GlobalSection(SolutionProperties) = preSolution
		HideSolutionNode = FALSE
	EndGlobalSection
EndGlobal
